// !$*UTF8*$!
{
	archiveVersion = 1;
	classes = {
	};
	objectVersion = 46;
	objects = {

/* Begin PBXBuildFile section */
		013817041D77CFC100F9CFAD /* main.m in Sources */ = {isa = PBXBuildFile; fileRef = 013817031D77CFC100F9CFAD /* main.m */; };
		013817071D77CFC100F9CFAD /* AppDelegate.m in Sources */ = {isa = PBXBuildFile; fileRef = 013817061D77CFC100F9CFAD /* AppDelegate.m */; };
		0138170A1D77CFC100F9CFAD /* ViewController.m in Sources */ = {isa = PBXBuildFile; fileRef = 013817091D77CFC100F9CFAD /* ViewController.m */; };
		0138170D1D77CFC100F9CFAD /* Main.storyboard in Resources */ = {isa = PBXBuildFile; fileRef = 0138170B1D77CFC100F9CFAD /* Main.storyboard */; };
		0138170F1D77CFC100F9CFAD /* Assets.xcassets in Resources */ = {isa = PBXBuildFile; fileRef = 0138170E1D77CFC100F9CFAD /* Assets.xcassets */; };
		013817121D77CFC100F9CFAD /* LaunchScreen.storyboard in Resources */ = {isa = PBXBuildFile; fileRef = 013817101D77CFC100F9CFAD /* LaunchScreen.storyboard */; };
/* End PBXBuildFile section */

/* Begin PBXFileReference section */
		013816FF1D77CFC100F9CFAD /* PullDetailController-master.app */ = {isa = PBXFileReference; explicitFileType = wrapper.application; includeInIndex = 0; path = "PullDetailController-master.app"; sourceTree = BUILT_PRODUCTS_DIR; };
		013817031D77CFC100F9CFAD /* main.m */ = {isa = PBXFileReference; lastKnownFileType = sourcecode.c.objc; path = main.m; sourceTree = "<group>"; };
		013817051D77CFC100F9CFAD /* AppDelegate.h */ = {isa = PBXFileReference; lastKnownFileType = sourcecode.c.h; path = AppDelegate.h; sourceTree = "<group>"; };
		013817061D77CFC100F9CFAD /* AppDelegate.m */ = {isa = PBXFileReference; lastKnownFileType = sourcecode.c.objc; path = AppDelegate.m; sourceTree = "<group>"; };
		013817081D77CFC100F9CFAD /* ViewController.h */ = {isa = PBXFileReference; lastKnownFileType = sourcecode.c.h; path = ViewController.h; sourceTree = "<group>"; };
		013817091D77CFC100F9CFAD /* ViewController.m */ = {isa = PBXFileReference; lastKnownFileType = sourcecode.c.objc; path = ViewController.m; sourceTree = "<group>"; };
		0138170C1D77CFC100F9CFAD /* Base */ = {isa = PBXFileReference; lastKnownFileType = file.storyboard; name = Base; path = Base.lproj/Main.storyboard; sourceTree = "<group>"; };
		0138170E1D77CFC100F9CFAD /* Assets.xcassets */ = {isa = PBXFileReference; lastKnownFileType = folder.assetcatalog; path = Assets.xcassets; sourceTree = "<group>"; };
		013817111D77CFC100F9CFAD /* Base */ = {isa = PBXFileReference; lastKnownFileType = file.storyboard; name = Base; path = Base.lproj/LaunchScreen.storyboard; sourceTree = "<group>"; };
		013817131D77CFC100F9CFAD /* Info.plist */ = {isa = PBXFileReference; lastKnownFileType = text.plist.xml; path = Info.plist; sourceTree = "<group>"; };
/* End PBXFileReference section */

/* Begin PBXFrameworksBuildPhase section */
		013816FC1D77CFC100F9CFAD /* Frameworks */ = {
			isa = PBXFrameworksBuildPhase;
			buildActionMask = 2147483647;
			files = (
			);
			runOnlyForDeploymentPostprocessing = 0;
		};
/* End PBXFrameworksBuildPhase section */

/* Begin PBXGroup section */
		013816F61D77CFC100F9CFAD = {
			isa = PBXGroup;
			children = (
				013817011D77CFC100F9CFAD /* PullDetailController-master */,
				013817001D77CFC100F9CFAD /* Products */,
			);
			sourceTree = "<group>";
		};
		013817001D77CFC100F9CFAD /* Products */ = {
			isa = PBXGroup;
			children = (
				013816FF1D77CFC100F9CFAD /* PullDetailController-master.app */,
			);
			name = Products;
			sourceTree = "<group>";
		};
		013817011D77CFC100F9CFAD /* PullDetailController-master */ = {
			isa = PBXGroup;
			children = (
				013817051D77CFC100F9CFAD /* AppDelegate.h */,
				013817061D77CFC100F9CFAD /* AppDelegate.m */,
				013817081D77CFC100F9CFAD /* ViewController.h */,
				013817091D77CFC100F9CFAD /* ViewController.m */,
				0138170B1D77CFC100F9CFAD /* Main.storyboard */,
				0138170E1D77CFC100F9CFAD /* Assets.xcassets */,
				013817101D77CFC100F9CFAD /* LaunchScreen.storyboard */,
				013817131D77CFC100F9CFAD /* Info.plist */,
				013817021D77CFC100F9CFAD /* Supporting Files */,
			);
			path = "PullDetailController-master";
			sourceTree = "<group>";
		};
		013817021D77CFC100F9CFAD /* Supporting Files */ = {
			isa = PBXGroup;
			children = (
				013817031D77CFC100F9CFAD /* main.m */,
			);
			name = "Supporting Files";
			sourceTree = "<group>";
		};
/* End PBXGroup section */

/* Begin PBXNativeTarget section */
		013816FE1D77CFC100F9CFAD /* PullDetailController-master */ = {
			isa = PBXNativeTarget;
			buildConfigurationList = 013817161D77CFC100F9CFAD /* Build configuration list for PBXNativeTarget "PullDetailController-master" */;
			buildPhases = (
				013816FB1D77CFC100F9CFAD /* Sources */,
				013816FC1D77CFC100F9CFAD /* Frameworks */,
				013816FD1D77CFC100F9CFAD /* Resources */,
			);
			buildRules = (
			);
			dependencies = (
			);
			name = "PullDetailController-master";
			productName = "PullDetailController-master";
			productReference = 013816FF1D77CFC100F9CFAD /* PullDetailController-master.app */;
			productType = "com.apple.product-type.application";
		};
/* End PBXNativeTarget section */

/* Begin PBXProject section */
		013816F71D77CFC100F9CFAD /* Project object */ = {
			isa = PBXProject;
			attributes = {
				LastUpgradeCheck = 0730;
				ORGANIZATIONNAME = huanghy;
				TargetAttributes = {
					013816FE1D77CFC100F9CFAD = {
						CreatedOnToolsVersion = 7.3;
					};
				};
			};
			buildConfigurationList = 013816FA1D77CFC100F9CFAD /* Build configuration list for PBXProject "PullDetailController-master" */;
			compatibilityVersion = "Xcode 3.2";
			developmentRegion = English;
			hasScannedForEncodings = 0;
			knownRegions = (
				en,
				Base,
			);
			mainGroup = 013816F61D77CFC100F9CFAD;
			productRefGroup = 013817001D77CFC100F9CFAD /* Products */;
			projectDirPath = "";
			projectRoot = "";
			targets = (
				013816FE1D77CFC100F9CFAD /* PullDetailController-master */,
			);
		};
/* End PBXProject section */

/* Begin PBXResourcesBuildPhase section */
		013816FD1D77CFC100F9CFAD /* Resources */ = {
			isa = PBXResourcesBuildPhase;
			buildActionMask = 2147483647;
			files = (
				013817121D77CFC100F9CFAD /* LaunchScreen.storyboard in Resources */,
				0138170F1D77CFC100F9CFAD /* Assets.xcassets in Resources */,
				0138170D1D77CFC100F9CFAD /* Main.storyboard in Resources */,
			);
			runOnlyForDeploymentPostprocessing = 0;
		};
/* End PBXResourcesBuildPhase section */

/* Begin PBXSourcesBuildPhase section */
		013816FB1D77CFC100F9CFAD /* Sources */ = {
			isa = PBXSourcesBuildPhase;
			buildActionMask = 2147483647;
			files = (
				0138170A1D77CFC100F9CFAD /* ViewController.m in Sources */,
				013817071D77CFC100F9CFAD /* AppDelegate.m in Sources */,
				013817041D77CFC100F9CFAD /* main.m in Sources */,
			);
			runOnlyForDeploymentPostprocessing = 0;
		};
/* End PBXSourcesBuildPhase section */

/* Begin PBXVariantGroup section */
		0138170B1D77CFC100F9CFAD /* Main.storyboard */ = {
			isa = PBXVariantGroup;
			children = (
				0138170C1D77CFC100F9CFAD /* Base */,
			);
			name = Main.storyboard;
			sourceTree = "<group>";
		};
		013817101D77CFC100F9CFAD /* LaunchScreen.storyboard */ = {
			isa = PBXVariantGroup;
			children = (
				013817111D77CFC100F9CFAD /* Base */,
			);
			name = LaunchScreen.storyboard;
			sourceTree = "<group>";
		};
/* End PBXVariantGroup section */

/* Begin XCBuildConfiguration section */
		013817141D77CFC100F9CFAD /* Debug */ = {
			isa = XCBuildConfiguration;
			buildSettings = {
				ALWAYS_SEARCH_USER_PATHS = NO;
				CLANG_ANALYZER_NONNULL = YES;
				CLANG_CXX_LANGUAGE_STANDARD = "gnu++0x";
				CLANG_CXX_LIBRARY = "libc++";
				CLANG_ENABLE_MODULES = YES;
				CLANG_ENABLE_OBJC_ARC = YES;
				CLANG_WARN_BOOL_CONVERSION = YES;
				CLANG_WARN_CONSTANT_CONVERSION = YES;
				CLANG_WARN_DIRECT_OBJC_ISA_USAGE = YES_ERROR;
				CLANG_WARN_EMPTY_BODY = YES;
				CLANG_WARN_ENUM_CONVERSION = YES;
				CLANG_WARN_INT_CONVERSION = YES;
				CLANG_WARN_OBJC_ROOT_CLASS = YES_ERROR;
				CLANG_WARN_UNREACHABLE_CODE = YES;
				CLANG_WARN__DUPLICATE_METHOD_MATCH = YES;
				"CODE_SIGN_IDENTITY[sdk=iphoneos*]" = "iPhone Developer";
				COPY_PHASE_STRIP = NO;
				DEBUG_INFORMATION_FORMAT = dwarf;
				ENABLE_STRICT_OBJC_MSGSEND = YES;
				ENABLE_TESTABILITY = YES;
				GCC_C_LANGUAGE_STANDARD = gnu99;
				GCC_DYNAMIC_NO_PIC = NO;
				GCC_NO_COMMON_BLOCKS = YES;
				GCC_OPTIMIZATION_LEVEL = 0;
				GCC_PREPROCESSOR_DEFINITIONS = (
					"DEBUG=1",
					"$(inherited)",
				);
				GCC_WARN_64_TO_32_BIT_CONVERSION = YES;
				GCC_WARN_ABOUT_RETURN_TYPE = YES_ERROR;
				GCC_WARN_UNDECLARED_SELECTOR = YES;
				GCC_WARN_UNINITIALIZED_AUTOS = YES_AGGRESSIVE;
				GCC_WARN_UNUSED_FUNCTION = YES;
				GCC_WARN_UNUSED_VARIABLE = YES;
				IPHONEOS_DEPLOYMENT_TARGET = 9.3;
				MTL_ENABLE_DEBUG_INFO = YES;
				ONLY_ACTIVE_ARCH = YES;
				SDKROOT = iphoneos;
			};
			name = Debug;
		};
		013817151D77CFC100F9CFAD /* Release */ = {
			isa = XCBuildConfiguration;
			buildSettings = {
				ALWAYS_SEARCH_USER_PATHS = NO;
				CLANG_ANALYZER_NONNULL = YES;
				CLANG_CXX_LANGUAGE_STANDARD = "gnu++0x";
				CLANG_CXX_LIBRARY = "libc++";
				CLANG_ENABLE_MODULES = YES;
				CLANG_ENABLE_OBJC_ARC = YES;
				CLANG_WARN_BOOL_CONVERSION = YES;
				CLANG_WARN_CONSTANT_CONVERSION = YES;
				CLANG_WARN_DIRECT_OBJC_ISA_USAGE = YES_ERROR;
				CLANG_WARN_EMPTY_BODY = YES;
				CLANG_WARN_ENUM_CONVERSION = YES;
				CLANG_WARN_INT_CONVERSION = YES;
				CLANG_WARN_OBJC_ROOT_CLASS = YES_ERROR;
				CLANG_WARN_UNREACHABLE_CODE = YES;
				CLANG_WARN__DUPLICATE_METHOD_MATCH = YES;
				"CODE_SIGN_IDENTITY[sdk=iphoneos*]" = "iPhone Developer";
				COPY_PHASE_STRIP = NO;
				DEBUG_INFORMATION_FORMAT = "dwarf-with-dsym";
				ENABLE_NS_ASSERTIONS = NO;
				ENABLE_STRICT_OBJC_MSGSEND = YES;
				GCC_C_LANGUAGE_STANDARD = gnu99;
				GCC_NO_COMMON_BLOCKS = YES;
				GCC_WARN_64_TO_32_BIT_CONVERSION = YES;
				GCC_WARN_ABOUT_RETURN_TYPE = YES_ERROR;
				GCC_WARN_UNDECLARED_SELECTOR = YES;
				GCC_WARN_UNINITIALIZED_AUTOS = YES_AGGRESSIVE;
				GCC_WARN_UNUSED_FUNCTION = YES;
				GCC_WARN_UNUSED_VARIABLE = YES;
				IPHONEOS_DEPLOYMENT_TARGET = 9.3;
				MTL_ENABLE_DEBUG_INFO = NO;
				SDKROOT = iphoneos;
				VALIDATE_PRODUCT = YES;
			};
			name = Release;
		};
		013817171D77CFC100F9CFAD /* Debug */ = {
			isa = XCBuildConfiguration;
			buildSettings = {
				ASSETCATALOG_COMPILER_APPICON_NAME = AppIcon;
				INFOPLIST_FILE = "PullDetailController-master/Info.plist";
				IPHONEOS_DEPLOYMENT_TARGET = 8.2;
				LD_RUNPATH_SEARCH_PATHS = "$(inherited) @executable_path/Frameworks";
				PRODUCT_BUNDLE_IDENTIFIER = "com.huanghy.PullDetailController-master";
				PRODUCT_NAME = "$(TARGET_NAME)";
			};
			name = Debug;
		};
		013817181D77CFC100F9CFAD /* Release */ = {
			isa = XCBuildConfiguration;
			buildSettings = {
				ASSETCATALOG_COMPILER_APPICON_NAME = AppIcon;
				INFOPLIST_FILE = "PullDetailController-master/Info.plist";
				IPHONEOS_DEPLOYMENT_TARGET = 8.2;
				LD_RUNPATH_SEARCH_PATHS = "$(inherited) @executable_path/Frameworks";
				PRODUCT_BUNDLE_IDENTIFIER = "com.huanghy.PullDetailController-master";
				PRODUCT_NAME = "$(TARGET_NAME)";
			};
			name = Release;
		};
/* End XCBuildConfiguration section */

/* Begin XCConfigurationList section */
		013816FA1D77CFC100F9CFAD /* Build configuration list for PBXProject "PullDetailController-master" */ = {
			isa = XCConfigurationList;
			buildConfigurations = (
				013817141D77CFC100F9CFAD /* Debug */,
				013817151D77CFC100F9CFAD /* Release */,
			);
			defaultConfigurationIsVisible = 0;
			defaultConfigurationName = Release;
		};
		013817161D77CFC100F9CFAD /* Build configuration list for PBXNativeTarget "PullDetailController-master" */ = {
			isa = XCConfigurationList;
			buildConfigurations = (
				013817171D77CFC100F9CFAD /* Debug */,
				013817181D77CFC100F9CFAD /* Release */,
			);
			defaultConfigurationIsVisible = 0;
		};
/* End XCConfigurationList section */
	};
	rootObject = 013816F71D77CFC100F9CFAD /* Project object */;
}
